// !$*UTF8*$!
{
	archiveVersion = 1;
	classes = {
	};
	objectVersion = 50;
	objects = {

/* Begin PBXBuildFile section */
		5455E39326AFE7E3007FA9D1 /* AppDelegate.swift in Sources */ = {isa = PBXBuildFile; fileRef = 5455E39226AFE7E3007FA9D1 /* AppDelegate.swift */; };
		5455E39526AFE7E3007FA9D1 /* SceneDelegate.swift in Sources */ = {isa = PBXBuildFile; fileRef = 5455E39426AFE7E3007FA9D1 /* SceneDelegate.swift */; };
		5455E39726AFE7E3007FA9D1 /* ViewController.swift in Sources */ = {isa = PBXBuildFile; fileRef = 5455E39626AFE7E3007FA9D1 /* ViewController.swift */; };
		5455E39A26AFE7E3007FA9D1 /* Main.storyboard in Resources */ = {isa = PBXBuildFile; fileRef = 5455E39826AFE7E3007FA9D1 /* Main.storyboard */; };
		5455E39C26AFE7E9007FA9D1 /* Assets.xcassets in Resources */ = {isa = PBXBuildFile; fileRef = 5455E39B26AFE7E9007FA9D1 /* Assets.xcassets */; };
		5455E39F26AFE7E9007FA9D1 /* LaunchScreen.storyboard in Resources */ = {isa = PBXBuildFile; fileRef = 5455E39D26AFE7E9007FA9D1 /* LaunchScreen.storyboard */; };
		5455E3A726AFE82E007FA9D1 /* SegmentFile.swift in Sources */ = {isa = PBXBuildFile; fileRef = 5455E3A626AFE82E007FA9D1 /* SegmentFile.swift */; };
		B37B4DC08297F5A107613DF1 /* Pods_SegmentSelectImageApp.framework in Frameworks */ = {isa = PBXBuildFile; fileRef = 6EF30C7DD410861BDD9C3503 /* Pods_SegmentSelectImageApp.framework */; };
/* End PBXBuildFile section */

/* Begin PBXFileReference section */
		5455E38F26AFE7E3007FA9D1 /* SegmentSelectImageApp.app */ = {isa = PBXFileReference; explicitFileType = wrapper.application; includeInIndex = 0; path = SegmentSelectImageApp.app; sourceTree = BUILT_PRODUCTS_DIR; };
		5455E39226AFE7E3007FA9D1 /* AppDelegate.swift */ = {isa = PBXFileReference; lastKnownFileType = sourcecode.swift; path = AppDelegate.swift; sourceTree = "<group>"; };
		5455E39426AFE7E3007FA9D1 /* SceneDelegate.swift */ = {isa = PBXFileReference; lastKnownFileType = sourcecode.swift; path = SceneDelegate.swift; sourceTree = "<group>"; };
		5455E39626AFE7E3007FA9D1 /* ViewController.swift */ = {isa = PBXFileReference; lastKnownFileType = sourcecode.swift; path = ViewController.swift; sourceTree = "<group>"; };
		5455E39926AFE7E3007FA9D1 /* Base */ = {isa = PBXFileReference; lastKnownFileType = file.storyboard; name = Base; path = Base.lproj/Main.storyboard; sourceTree = "<group>"; };
		5455E39B26AFE7E9007FA9D1 /* Assets.xcassets */ = {isa = PBXFileReference; lastKnownFileType = folder.assetcatalog; path = Assets.xcassets; sourceTree = "<group>"; };
		5455E39E26AFE7E9007FA9D1 /* Base */ = {isa = PBXFileReference; lastKnownFileType = file.storyboard; name = Base; path = Base.lproj/LaunchScreen.storyboard; sourceTree = "<group>"; };
		5455E3A026AFE7E9007FA9D1 /* Info.plist */ = {isa = PBXFileReference; lastKnownFileType = text.plist.xml; path = Info.plist; sourceTree = "<group>"; };
		5455E3A626AFE82E007FA9D1 /* SegmentFile.swift */ = {isa = PBXFileReference; lastKnownFileType = sourcecode.swift; path = SegmentFile.swift; sourceTree = "<group>"; };
		6EF30C7DD410861BDD9C3503 /* Pods_SegmentSelectImageApp.framework */ = {isa = PBXFileReference; explicitFileType = wrapper.framework; includeInIndex = 0; path = Pods_SegmentSelectImageApp.framework; sourceTree = BUILT_PRODUCTS_DIR; };
		A8DD45A93654984B3676B299 /* Pods-SegmentSelectImageApp.release.xcconfig */ = {isa = PBXFileReference; includeInIndex = 1; lastKnownFileType = text.xcconfig; name = "Pods-SegmentSelectImageApp.release.xcconfig"; path = "Target Support Files/Pods-SegmentSelectImageApp/Pods-SegmentSelectImageApp.release.xcconfig"; sourceTree = "<group>"; };
		CF217B69756D326DEBB3A225 /* Pods-SegmentSelectImageApp.debug.xcconfig */ = {isa = PBXFileReference; includeInIndex = 1; lastKnownFileType = text.xcconfig; name = "Pods-SegmentSelectImageApp.debug.xcconfig"; path = "Target Support Files/Pods-SegmentSelectImageApp/Pods-SegmentSelectImageApp.debug.xcconfig"; sourceTree = "<group>"; };
/* End PBXFileReference section */

/* Begin PBXFrameworksBuildPhase section */
		5455E38C26AFE7E3007FA9D1 /* Frameworks */ = {
			isa = PBXFrameworksBuildPhase;
			buildActionMask = 2147483647;
			files = (
				B37B4DC08297F5A107613DF1 /* Pods_SegmentSelectImageApp.framework in Frameworks */,
			);
			runOnlyForDeploymentPostprocessing = 0;
		};
/* End PBXFrameworksBuildPhase section */

/* Begin PBXGroup section */
		5455E38626AFE7E3007FA9D1 = {
			isa = PBXGroup;
			children = (
				5455E39126AFE7E3007FA9D1 /* SegmentSelectImageApp */,
				5455E39026AFE7E3007FA9D1 /* Products */,
				C64296EDDA2E95C6D0B10F41 /* Pods */,
				77F7DFC3D5EF6ED9EE90A127 /* Frameworks */,
			);
			sourceTree = "<group>";
		};
		5455E39026AFE7E3007FA9D1 /* Products */ = {
			isa = PBXGroup;
			children = (
				5455E38F26AFE7E3007FA9D1 /* SegmentSelectImageApp.app */,
			);
			name = Products;
			sourceTree = "<group>";
		};
		5455E39126AFE7E3007FA9D1 /* SegmentSelectImageApp */ = {
			isa = PBXGroup;
			children = (
				5455E39226AFE7E3007FA9D1 /* AppDelegate.swift */,
				5455E39426AFE7E3007FA9D1 /* SceneDelegate.swift */,
				5455E39626AFE7E3007FA9D1 /* ViewController.swift */,
				5455E3A626AFE82E007FA9D1 /* SegmentFile.swift */,
				5455E39826AFE7E3007FA9D1 /* Main.storyboard */,
				5455E39B26AFE7E9007FA9D1 /* Assets.xcassets */,
				5455E39D26AFE7E9007FA9D1 /* LaunchScreen.storyboard */,
				5455E3A026AFE7E9007FA9D1 /* Info.plist */,
			);
			path = SegmentSelectImageApp;
			sourceTree = "<group>";
		};
		77F7DFC3D5EF6ED9EE90A127 /* Frameworks */ = {
			isa = PBXGroup;
			children = (
				6EF30C7DD410861BDD9C3503 /* Pods_SegmentSelectImageApp.framework */,
			);
			name = Frameworks;
			sourceTree = "<group>";
		};
		C64296EDDA2E95C6D0B10F41 /* Pods */ = {
			isa = PBXGroup;
			children = (
				CF217B69756D326DEBB3A225 /* Pods-SegmentSelectImageApp.debug.xcconfig */,
				A8DD45A93654984B3676B299 /* Pods-SegmentSelectImageApp.release.xcconfig */,
			);
			name = Pods;
			path = Pods;
			sourceTree = "<group>";
		};
/* End PBXGroup section */

/* Begin PBXNativeTarget section */
		5455E38E26AFE7E3007FA9D1 /* SegmentSelectImageApp */ = {
			isa = PBXNativeTarget;
			buildConfigurationList = 5455E3A326AFE7E9007FA9D1 /* Build configuration list for PBXNativeTarget "SegmentSelectImageApp" */;
			buildPhases = (
				94564395ABC7FB86570EF2B7 /* [CP] Check Pods Manifest.lock */,
				5455E38B26AFE7E3007FA9D1 /* Sources */,
				5455E38C26AFE7E3007FA9D1 /* Frameworks */,
				5455E38D26AFE7E3007FA9D1 /* Resources */,
				0CFA0F53F2B1359A945B5449 /* [CP] Embed Pods Frameworks */,
			);
			buildRules = (
			);
			dependencies = (
			);
			name = SegmentSelectImageApp;
			productName = SegmentSelectImageApp;
			productReference = 5455E38F26AFE7E3007FA9D1 /* SegmentSelectImageApp.app */;
			productType = "com.apple.product-type.application";
		};
/* End PBXNativeTarget section */

/* Begin PBXProject section */
		5455E38726AFE7E3007FA9D1 /* Project object */ = {
			isa = PBXProject;
			attributes = {
				LastSwiftUpdateCheck = 1250;
				LastUpgradeCheck = 1250;
				TargetAttributes = {
					5455E38E26AFE7E3007FA9D1 = {
						CreatedOnToolsVersion = 12.5;
					};
				};
			};
			buildConfigurationList = 5455E38A26AFE7E3007FA9D1 /* Build configuration list for PBXProject "SegmentSelectImageApp" */;
			compatibilityVersion = "Xcode 9.3";
			developmentRegion = en;
			hasScannedForEncodings = 0;
			knownRegions = (
				en,
				Base,
			);
			mainGroup = 5455E38626AFE7E3007FA9D1;
			productRefGroup = 5455E39026AFE7E3007FA9D1 /* Products */;
			projectDirPath = "";
			projectRoot = "";
			targets = (
				5455E38E26AFE7E3007FA9D1 /* SegmentSelectImageApp */,
			);
		};
/* End PBXProject section */

/* Begin PBXResourcesBuildPhase section */
		5455E38D26AFE7E3007FA9D1 /* Resources */ = {
			isa = PBXResourcesBuildPhase;
			buildActionMask = 2147483647;
			files = (
				5455E39F26AFE7E9007FA9D1 /* LaunchScreen.storyboard in Resources */,
				5455E39C26AFE7E9007FA9D1 /* Assets.xcassets in Resources */,
				5455E39A26AFE7E3007FA9D1 /* Main.storyboard in Resources */,
			);
			runOnlyForDeploymentPostprocessing = 0;
		};
/* End PBXResourcesBuildPhase section */

/* Begin PBXShellScriptBuildPhase section */
		0CFA0F53F2B1359A945B5449 /* [CP] Embed Pods Frameworks */ = {
			isa = PBXShellScriptBuildPhase;
			buildActionMask = 2147483647;
			files = (
			);
			inputFileListPaths = (
				"${PODS_ROOT}/Target Support Files/Pods-SegmentSelectImageApp/Pods-SegmentSelectImageApp-frameworks-${CONFIGURATION}-input-files.xcfilelist",
			);
			name = "[CP] Embed Pods Frameworks";
			outputFileListPaths = (
				"${PODS_ROOT}/Target Support Files/Pods-SegmentSelectImageApp/Pods-SegmentSelectImageApp-frameworks-${CONFIGURATION}-output-files.xcfilelist",
			);
			runOnlyForDeploymentPostprocessing = 0;
			shellPath = /bin/sh;
			shellScript = "\"${PODS_ROOT}/Target Support Files/Pods-SegmentSelectImageApp/Pods-SegmentSelectImageApp-frameworks.sh\"\n";
			showEnvVarsInLog = 0;
		};
		94564395ABC7FB86570EF2B7 /* [CP] Check Pods Manifest.lock */ = {
			isa = PBXShellScriptBuildPhase;
			buildActionMask = 2147483647;
			files = (
			);
			inputFileListPaths = (
			);
			inputPaths = (
				"${PODS_PODFILE_DIR_PATH}/Podfile.lock",
				"${PODS_ROOT}/Manifest.lock",
			);
			name = "[CP] Check Pods Manifest.lock";
			outputFileListPaths = (
			);
			outputPaths = (
				"$(DERIVED_FILE_DIR)/Pods-SegmentSelectImageApp-checkManifestLockResult.txt",
			);
			runOnlyForDeploymentPostprocessing = 0;
			shellPath = /bin/sh;
			shellScript = "diff \"${PODS_PODFILE_DIR_PATH}/Podfile.lock\" \"${PODS_ROOT}/Manifest.lock\" > /dev/null\nif [ $? != 0 ] ; then\n    # print error to STDERR\n    echo \"error: The sandbox is not in sync with the Podfile.lock. Run 'pod install' or update your CocoaPods installation.\" >&2\n    exit 1\nfi\n# This output is used by Xcode 'outputs' to avoid re-running this script phase.\necho \"SUCCESS\" > \"${SCRIPT_OUTPUT_FILE_0}\"\n";
			showEnvVarsInLog = 0;
		};
/* End PBXShellScriptBuildPhase section */

/* Begin PBXSourcesBuildPhase section */
		5455E38B26AFE7E3007FA9D1 /* Sources */ = {
			isa = PBXSourcesBuildPhase;
			buildActionMask = 2147483647;
			files = (
				5455E39726AFE7E3007FA9D1 /* ViewController.swift in Sources */,
				5455E39326AFE7E3007FA9D1 /* AppDelegate.swift in Sources */,
				5455E39526AFE7E3007FA9D1 /* SceneDelegate.swift in Sources */,
				5455E3A726AFE82E007FA9D1 /* SegmentFile.swift in Sources */,
			);
			runOnlyForDeploymentPostprocessing = 0;
		};
/* End PBXSourcesBuildPhase section */

/* Begin PBXVariantGroup section */
		5455E39826AFE7E3007FA9D1 /* Main.storyboard */ = {
			isa = PBXVariantGroup;
			children = (
				5455E39926AFE7E3007FA9D1 /* Base */,
			);
			name = Main.storyboard;
			sourceTree = "<group>";
		};
		5455E39D26AFE7E9007FA9D1 /* LaunchScreen.storyboard */ = {
			isa = PBXVariantGroup;
			children = (
				5455E39E26AFE7E9007FA9D1 /* Base */,
			);
			name = LaunchScreen.storyboard;
			sourceTree = "<group>";
		};
/* End PBXVariantGroup section */

/* Begin XCBuildConfiguration section */
		5455E3A126AFE7E9007FA9D1 /* Debug */ = {
			isa = XCBuildConfiguration;
			buildSettings = {
				ALWAYS_SEARCH_USER_PATHS = NO;
				CLANG_ANALYZER_NONNULL = YES;
				CLANG_ANALYZER_NUMBER_OBJECT_CONVERSION = YES_AGGRESSIVE;
				CLANG_CXX_LANGUAGE_STANDARD = "gnu++14";
				CLANG_CXX_LIBRARY = "libc++";
				CLANG_ENABLE_MODULES = YES;
				CLANG_ENABLE_OBJC_ARC = YES;
				CLANG_ENABLE_OBJC_WEAK = YES;
				CLANG_WARN_BLOCK_CAPTURE_AUTORELEASING = YES;
				CLANG_WARN_BOOL_CONVERSION = YES;
				CLANG_WARN_COMMA = YES;
				CLANG_WARN_CONSTANT_CONVERSION = YES;
				CLANG_WARN_DEPRECATED_OBJC_IMPLEMENTATIONS = YES;
				CLANG_WARN_DIRECT_OBJC_ISA_USAGE = YES_ERROR;
				CLANG_WARN_DOCUMENTATION_COMMENTS = YES;
				CLANG_WARN_EMPTY_BODY = YES;
				CLANG_WARN_ENUM_CONVERSION = YES;
				CLANG_WARN_INFINITE_RECURSION = YES;
				CLANG_WARN_INT_CONVERSION = YES;
				CLANG_WARN_NON_LITERAL_NULL_CONVERSION = YES;
				CLANG_WARN_OBJC_IMPLICIT_RETAIN_SELF = YES;
				CLANG_WARN_OBJC_LITERAL_CONVERSION = YES;
				CLANG_WARN_OBJC_ROOT_CLASS = YES_ERROR;
				CLANG_WARN_QUOTED_INCLUDE_IN_FRAMEWORK_HEADER = YES;
				CLANG_WARN_RANGE_LOOP_ANALYSIS = YES;
				CLANG_WARN_STRICT_PROTOTYPES = YES;
				CLANG_WARN_SUSPICIOUS_MOVE = YES;
				CLANG_WARN_UNGUARDED_AVAILABILITY = YES_AGGRESSIVE;
				CLANG_WARN_UNREACHABLE_CODE = YES;
				CLANG_WARN__DUPLICATE_METHOD_MATCH = YES;
				COPY_PHASE_STRIP = NO;
				DEBUG_INFORMATION_FORMAT = dwarf;
				ENABLE_STRICT_OBJC_MSGSEND = YES;
				ENABLE_TESTABILITY = YES;
				GCC_C_LANGUAGE_STANDARD = gnu11;
				GCC_DYNAMIC_NO_PIC = NO;
				GCC_NO_COMMON_BLOCKS = YES;
				GCC_OPTIMIZATION_LEVEL = 0;
				GCC_PREPROCESSOR_DEFINITIONS = (
					"DEBUG=1",
					"$(inherited)",
				);
				GCC_WARN_64_TO_32_BIT_CONVERSION = YES;
				GCC_WARN_ABOUT_RETURN_TYPE = YES_ERROR;
				GCC_WARN_UNDECLARED_SELECTOR = YES;
				GCC_WARN_UNINITIALIZED_AUTOS = YES_AGGRESSIVE;
				GCC_WARN_UNUSED_FUNCTION = YES;
				GCC_WARN_UNUSED_VARIABLE = YES;
				IPHONEOS_DEPLOYMENT_TARGET = 14.5;
				MTL_ENABLE_DEBUG_INFO = INCLUDE_SOURCE;
				MTL_FAST_MATH = YES;
				ONLY_ACTIVE_ARCH = YES;
				SDKROOT = iphoneos;
				SWIFT_ACTIVE_COMPILATION_CONDITIONS = DEBUG;
				SWIFT_OPTIMIZATION_LEVEL = "-Onone";
			};
			name = Debug;
		};
		5455E3A226AFE7E9007FA9D1 /* Release */ = {
			isa = XCBuildConfiguration;
			buildSettings = {
				ALWAYS_SEARCH_USER_PATHS = NO;
				CLANG_ANALYZER_NONNULL = YES;
				CLANG_ANALYZER_NUMBER_OBJECT_CONVERSION = YES_AGGRESSIVE;
				CLANG_CXX_LANGUAGE_STANDARD = "gnu++14";
				CLANG_CXX_LIBRARY = "libc++";
				CLANG_ENABLE_MODULES = YES;
				CLANG_ENABLE_OBJC_ARC = YES;
				CLANG_ENABLE_OBJC_WEAK = YES;
				CLANG_WARN_BLOCK_CAPTURE_AUTORELEASING = YES;
				CLANG_WARN_BOOL_CONVERSION = YES;
				CLANG_WARN_COMMA = YES;
				CLANG_WARN_CONSTANT_CONVERSION = YES;
				CLANG_WARN_DEPRECATED_OBJC_IMPLEMENTATIONS = YES;
				CLANG_WARN_DIRECT_OBJC_ISA_USAGE = YES_ERROR;
				CLANG_WARN_DOCUMENTATION_COMMENTS = YES;
				CLANG_WARN_EMPTY_BODY = YES;
				CLANG_WARN_ENUM_CONVERSION = YES;
				CLANG_WARN_INFINITE_RECURSION = YES;
				CLANG_WARN_INT_CONVERSION = YES;
				CLANG_WARN_NON_LITERAL_NULL_CONVERSION = YES;
				CLANG_WARN_OBJC_IMPLICIT_RETAIN_SELF = YES;
				CLANG_WARN_OBJC_LITERAL_CONVERSION = YES;
				CLANG_WARN_OBJC_ROOT_CLASS = YES_ERROR;
				CLANG_WARN_QUOTED_INCLUDE_IN_FRAMEWORK_HEADER = YES;
				CLANG_WARN_RANGE_LOOP_ANALYSIS = YES;
				CLANG_WARN_STRICT_PROTOTYPES = YES;
				CLANG_WARN_SUSPICIOUS_MOVE = YES;
				CLANG_WARN_UNGUARDED_AVAILABILITY = YES_AGGRESSIVE;
				CLANG_WARN_UNREACHABLE_CODE = YES;
				CLANG_WARN__DUPLICATE_METHOD_MATCH = YES;
				COPY_PHASE_STRIP = NO;
				DEBUG_INFORMATION_FORMAT = "dwarf-with-dsym";
				ENABLE_NS_ASSERTIONS = NO;
				ENABLE_STRICT_OBJC_MSGSEND = YES;
				GCC_C_LANGUAGE_STANDARD = gnu11;
				GCC_NO_COMMON_BLOCKS = YES;
				GCC_WARN_64_TO_32_BIT_CONVERSION = YES;
				GCC_WARN_ABOUT_RETURN_TYPE = YES_ERROR;
				GCC_WARN_UNDECLARED_SELECTOR = YES;
				GCC_WARN_UNINITIALIZED_AUTOS = YES_AGGRESSIVE;
				GCC_WARN_UNUSED_FUNCTION = YES;
				GCC_WARN_UNUSED_VARIABLE = YES;
				IPHONEOS_DEPLOYMENT_TARGET = 14.5;
				MTL_ENABLE_DEBUG_INFO = NO;
				MTL_FAST_MATH = YES;
				SDKROOT = iphoneos;
				SWIFT_COMPILATION_MODE = wholemodule;
				SWIFT_OPTIMIZATION_LEVEL = "-O";
				VALIDATE_PRODUCT = YES;
			};
			name = Release;
		};
		5455E3A426AFE7E9007FA9D1 /* Debug */ = {
			isa = XCBuildConfiguration;
			baseConfigurationReference = CF217B69756D326DEBB3A225 /* Pods-SegmentSelectImageApp.debug.xcconfig */;
			buildSettings = {
				ASSETCATALOG_COMPILER_APPICON_NAME = AppIcon;
				ASSETCATALOG_COMPILER_GLOBAL_ACCENT_COLOR_NAME = AccentColor;
				CODE_SIGN_STYLE = Automatic;
				INFOPLIST_FILE = SegmentSelectImageApp/Info.plist;
				LD_RUNPATH_SEARCH_PATHS = (
					"$(inherited)",
					"@executable_path/Frameworks",
				);
				PRODUCT_BUNDLE_IDENTIFIER = com.SelectImageApp.SegmentSelectImageApp;
				PRODUCT_NAME = "$(TARGET_NAME)";
				SWIFT_VERSION = 5.0;
				TARGETED_DEVICE_FAMILY = 1;
			};
			name = Debug;
		};
		5455E3A526AFE7E9007FA9D1 /* Release */ = {
			isa = XCBuildConfiguration;
			baseConfigurationReference = A8DD45A93654984B3676B299 /* Pods-SegmentSelectImageApp.release.xcconfig */;
			buildSettings = {
				ASSETCATALOG_COMPILER_APPICON_NAME = AppIcon;
				ASSETCATALOG_COMPILER_GLOBAL_ACCENT_COLOR_NAME = AccentColor;
				CODE_SIGN_STYLE = Automatic;
				INFOPLIST_FILE = SegmentSelectImageApp/Info.plist;
				LD_RUNPATH_SEARCH_PATHS = (
					"$(inherited)",
					"@executable_path/Frameworks",
				);
				PRODUCT_BUNDLE_IDENTIFIER = com.SelectImageApp.SegmentSelectImageApp;
				PRODUCT_NAME = "$(TARGET_NAME)";
				SWIFT_VERSION = 5.0;
				TARGETED_DEVICE_FAMILY = 1;
			};
			name = Release;
		};
/* End XCBuildConfiguration section */

/* Begin XCConfigurationList section */
		5455E38A26AFE7E3007FA9D1 /* Build configuration list for PBXProject "SegmentSelectImageApp" */ = {
			isa = XCConfigurationList;
			buildConfigurations = (
				5455E3A126AFE7E9007FA9D1 /* Debug */,
				5455E3A226AFE7E9007FA9D1 /* Release */,
			);
			defaultConfigurationIsVisible = 0;
			defaultConfigurationName = Release;
		};
		5455E3A326AFE7E9007FA9D1 /* Build configuration list for PBXNativeTarget "SegmentSelectImageApp" */ = {
			isa = XCConfigurationList;
			buildConfigurations = (
				5455E3A426AFE7E9007FA9D1 /* Debug */,
				5455E3A526AFE7E9007FA9D1 /* Release */,
			);
			defaultConfigurationIsVisible = 0;
			defaultConfigurationName = Release;
		};
/* End XCConfigurationList section */
	};
	rootObject = 5455E38726AFE7E3007FA9D1 /* Project object */;
}
